<?xml version="1.0" encoding="utf-8"?>
<Project ToolsVersion="4.0" xmlns="http://schemas.microsoft.com/developer/msbuild/2003">
  <ItemGroup>
    <ClCompile Include="CppSTL.cpp">
      <Filter>源文件</Filter>
    </ClCompile>
    <ClCompile Include="hello_algo_2.2.cpp">
      <Filter>源文件</Filter>
    </ClCompile>
    <ClCompile Include="MainFun.cpp">
      <Filter>源文件</Filter>
    </ClCompile>
    <ClCompile Include="Test.cpp">
      <Filter>源文件</Filter>
    </ClCompile>
    <ClCompile Include="hello_algo_2.3.cpp">
      <Filter>源文件</Filter>
    </ClCompile>
    <ClCompile Include="hello_algo_4.1.cpp">
      <Filter>源文件</Filter>
    </ClCompile>
    <ClCompile Include="hello_algo_4.2.cpp">
      <Filter>源文件</Filter>
    </ClCompile>
    <ClCompile Include="Spdlog.cpp">
      <Filter>源文件</Filter>
    </ClCompile>
    <ClCompile Include="hello_algo_10.1.cpp">
      <Filter>源文件</Filter>
    </ClCompile>
  </ItemGroup>
  <ItemGroup>
    <Filter Include="源文件">
      <UniqueIdentifier>{61e24b28-32a3-4307-bfc1-f0eed69a5d5c}</UniqueIdentifier>
    </Filter>
    <Filter Include="头文件">
      <UniqueIdentifier>{7029e46f-89f2-4dfd-aa78-e4e9a16e8b54}</UniqueIdentifier>
    </Filter>
    <Filter Include="资源文件">
      <UniqueIdentifier>{6ceab235-ad40-46b3-b973-090a4c7400ea}</UniqueIdentifier>
    </Filter>
  </ItemGroup>
</Project>